
Microsoft Visual Studio Solution File, Format Version 12.00
# Visual Studio Version 16
VisualStudioVersion = 16.0.30611.23
MinimumVisualStudioVersion = 10.0.40219.1
Project("{FAE04EC0-301F-11D3-BF4B-00C04F79EFBC}") = "BudgetManager", "BudgetManager\BudgetManager.csproj", "{77D6350E-8D5D-4902-9895-279C821DEB8D}"
EndProject
Project("{2150E333-8FDC-42A3-9474-1A3956D46DE8}") = "Images", "Images", "{7D1EC237-CD46-4AD4-85C0-693F851D6603}"
	ProjectSection(SolutionItems) = preProject
		BudgetManager\Images\jew.png = BudgetManager\Images\jew.png
	EndProjectSection
EndProject
Global
	GlobalSection(SolutionConfigurationPlatforms) = preSolution
		Debug|Any CPU = Debug|Any CPU
		Release|Any CPU = Release|Any CPU
	EndGlobalSection
	GlobalSection(ProjectConfigurationPlatforms) = postSolution
		{77D6350E-8D5D-4902-9895-279C821DEB8D}.Debug|Any CPU.ActiveCfg = Debug|Any CPU
		{77D6350E-8D5D-4902-9895-279C821DEB8D}.Debug|Any CPU.Build.0 = Debug|Any CPU
		{77D6350E-8D5D-4902-9895-279C821DEB8D}.Release|Any CPU.ActiveCfg = Release|Any CPU
		{77D6350E-8D5D-4902-9895-279C821DEB8D}.Release|Any CPU.Build.0 = Release|Any CPU
	EndGlobalSection
	GlobalSection(SolutionProperties) = preSolution
		HideSolutionNode = FALSE
	EndGlobalSection
	GlobalSection(ExtensibilityGlobals) = postSolution
		SolutionGuid = {41EFE4A5-FFDF-40DB-9A76-B677792E8485}
	EndGlobalSection
EndGlobal
